// !$*UTF8*$!
{
	archiveVersion = 1;
	classes = {
	};
	objectVersion = 52;
	objects = {

/* Begin PBXBuildFile section */
		7CFAA0BD241D8EB900842BB1 /* AppDelegate.swift in Sources */ = {isa = PBXBuildFile; fileRef = 7CFAA0BC241D8EB900842BB1 /* AppDelegate.swift */; };
		7CFAA0C1241D8EB900842BB1 /* ViewController.swift in Sources */ = {isa = PBXBuildFile; fileRef = 7CFAA0C0241D8EB900842BB1 /* ViewController.swift */; };
		7CFAA0C6241D8EBA00842BB1 /* Assets.xcassets in Resources */ = {isa = PBXBuildFile; fileRef = 7CFAA0C5241D8EBA00842BB1 /* Assets.xcassets */; };
		7CFAA0C9241D8EBA00842BB1 /* LaunchScreen.storyboard in Resources */ = {isa = PBXBuildFile; fileRef = 7CFAA0C7241D8EBA00842BB1 /* LaunchScreen.storyboard */; };
		7CFAA0D9241D8F2600842BB1 /* TableViewCell.xib in Resources */ = {isa = PBXBuildFile; fileRef = 7CFAA0D1241D8F2600842BB1 /* TableViewCell.xib */; };
		7CFAA0DC241D8F2600842BB1 /* Main.storyboard in Resources */ = {isa = PBXBuildFile; fileRef = 7CFAA0D4241D8F2600842BB1 /* Main.storyboard */; };
		7CFAA0DE241D8F2600842BB1 /* TableViewCell.swift in Sources */ = {isa = PBXBuildFile; fileRef = 7CFAA0D6241D8F2600842BB1 /* TableViewCell.swift */; };
		7CFAA0DF241D8F2600842BB1 /* Item.swift in Sources */ = {isa = PBXBuildFile; fileRef = 7CFAA0D7241D8F2600842BB1 /* Item.swift */; };
		7CFAA140241E1F9F00842BB1 /* DisplayLink in Frameworks */ = {isa = PBXBuildFile; productRef = 7CFAA13F241E1F9F00842BB1 /* DisplayLink */; };
/* End PBXBuildFile section */

/* Begin PBXFileReference section */
		7CFAA0B9241D8EB900842BB1 /* DisplayLinkDemo.app */ = {isa = PBXFileReference; explicitFileType = wrapper.application; includeInIndex = 0; path = DisplayLinkDemo.app; sourceTree = BUILT_PRODUCTS_DIR; };
		7CFAA0BC241D8EB900842BB1 /* AppDelegate.swift */ = {isa = PBXFileReference; lastKnownFileType = sourcecode.swift; path = AppDelegate.swift; sourceTree = "<group>"; };
		7CFAA0C0241D8EB900842BB1 /* ViewController.swift */ = {isa = PBXFileReference; lastKnownFileType = sourcecode.swift; path = ViewController.swift; sourceTree = "<group>"; };
		7CFAA0C5241D8EBA00842BB1 /* Assets.xcassets */ = {isa = PBXFileReference; lastKnownFileType = folder.assetcatalog; path = Assets.xcassets; sourceTree = "<group>"; };
		7CFAA0C8241D8EBA00842BB1 /* Base */ = {isa = PBXFileReference; lastKnownFileType = file.storyboard; name = Base; path = Base.lproj/LaunchScreen.storyboard; sourceTree = "<group>"; };
		7CFAA0CA241D8EBA00842BB1 /* Info.plist */ = {isa = PBXFileReference; lastKnownFileType = text.plist.xml; path = Info.plist; sourceTree = "<group>"; };
		7CFAA0D1241D8F2600842BB1 /* TableViewCell.xib */ = {isa = PBXFileReference; fileEncoding = 4; lastKnownFileType = file.xib; path = TableViewCell.xib; sourceTree = "<group>"; };
		7CFAA0D4241D8F2600842BB1 /* Main.storyboard */ = {isa = PBXFileReference; fileEncoding = 4; lastKnownFileType = file.storyboard; path = Main.storyboard; sourceTree = "<group>"; };
		7CFAA0D6241D8F2600842BB1 /* TableViewCell.swift */ = {isa = PBXFileReference; fileEncoding = 4; lastKnownFileType = sourcecode.swift; path = TableViewCell.swift; sourceTree = "<group>"; };
		7CFAA0D7241D8F2600842BB1 /* Item.swift */ = {isa = PBXFileReference; fileEncoding = 4; lastKnownFileType = sourcecode.swift; path = Item.swift; sourceTree = "<group>"; };
/* End PBXFileReference section */

/* Begin PBXFrameworksBuildPhase section */
		7CFAA0B6241D8EB900842BB1 /* Frameworks */ = {
			isa = PBXFrameworksBuildPhase;
			buildActionMask = 2147483647;
			files = (
				7CFAA140241E1F9F00842BB1 /* DisplayLink in Frameworks */,
			);
			runOnlyForDeploymentPostprocessing = 0;
		};
/* End PBXFrameworksBuildPhase section */

/* Begin PBXGroup section */
		7CFAA0B0241D8EB900842BB1 = {
			isa = PBXGroup;
			children = (
				7CFAA0BB241D8EB900842BB1 /* DisplayLinkDemo */,
				7CFAA0BA241D8EB900842BB1 /* Products */,
				7CFAA0E1241D8FF100842BB1 /* Frameworks */,
			);
			sourceTree = "<group>";
		};
		7CFAA0BA241D8EB900842BB1 /* Products */ = {
			isa = PBXGroup;
			children = (
				7CFAA0B9241D8EB900842BB1 /* DisplayLinkDemo.app */,
			);
			name = Products;
			sourceTree = "<group>";
		};
		7CFAA0BB241D8EB900842BB1 /* DisplayLinkDemo */ = {
			isa = PBXGroup;
			children = (
				7CFAA0BC241D8EB900842BB1 /* AppDelegate.swift */,
				7CFAA0C0241D8EB900842BB1 /* ViewController.swift */,
				7CFAA0D7241D8F2600842BB1 /* Item.swift */,
				7CFAA0D4241D8F2600842BB1 /* Main.storyboard */,
				7CFAA0D6241D8F2600842BB1 /* TableViewCell.swift */,
				7CFAA0D1241D8F2600842BB1 /* TableViewCell.xib */,
				7CFAA0C5241D8EBA00842BB1 /* Assets.xcassets */,
				7CFAA0C7241D8EBA00842BB1 /* LaunchScreen.storyboard */,
				7CFAA0CA241D8EBA00842BB1 /* Info.plist */,
			);
			path = DisplayLinkDemo;
			sourceTree = "<group>";
		};
		7CFAA0E1241D8FF100842BB1 /* Frameworks */ = {
			isa = PBXGroup;
			children = (
			);
			name = Frameworks;
			sourceTree = "<group>";
		};
/* End PBXGroup section */

/* Begin PBXNativeTarget section */
		7CFAA0B8241D8EB900842BB1 /* DisplayLinkDemo */ = {
			isa = PBXNativeTarget;
			buildConfigurationList = 7CFAA0CD241D8EBA00842BB1 /* Build configuration list for PBXNativeTarget "DisplayLinkDemo" */;
			buildPhases = (
				7CFAA0B5241D8EB900842BB1 /* Sources */,
				7CFAA0B6241D8EB900842BB1 /* Frameworks */,
				7CFAA0B7241D8EB900842BB1 /* Resources */,
			);
			buildRules = (
			);
			dependencies = (
			);
			name = DisplayLinkDemo;
			packageProductDependencies = (
				7CFAA13F241E1F9F00842BB1 /* DisplayLink */,
			);
			productName = DisplayLinkDemo;
			productReference = 7CFAA0B9241D8EB900842BB1 /* DisplayLinkDemo.app */;
			productType = "com.apple.product-type.application";
		};
/* End PBXNativeTarget section */

/* Begin PBXProject section */
		7CFAA0B1241D8EB900842BB1 /* Project object */ = {
			isa = PBXProject;
			attributes = {
				LastSwiftUpdateCheck = 1130;
				LastUpgradeCheck = 1130;
				ORGANIZATIONNAME = OTCode;
				TargetAttributes = {
					7CFAA0B8241D8EB900842BB1 = {
						CreatedOnToolsVersion = 11.3.1;
					};
				};
			};
			buildConfigurationList = 7CFAA0B4241D8EB900842BB1 /* Build configuration list for PBXProject "DisplayLinkDemo" */;
			compatibilityVersion = "Xcode 9.3";
			developmentRegion = en;
			hasScannedForEncodings = 0;
			knownRegions = (
				en,
				Base,
			);
			mainGroup = 7CFAA0B0241D8EB900842BB1;
			packageReferences = (
				7CFAA13E241E1F9F00842BB1 /* XCRemoteSwiftPackageReference "DisplayLink" */,
			);
			productRefGroup = 7CFAA0BA241D8EB900842BB1 /* Products */;
			projectDirPath = "";
			projectRoot = "";
			targets = (
				7CFAA0B8241D8EB900842BB1 /* DisplayLinkDemo */,
			);
		};
/* End PBXProject section */

/* Begin PBXResourcesBuildPhase section */
		7CFAA0B7241D8EB900842BB1 /* Resources */ = {
			isa = PBXResourcesBuildPhase;
			buildActionMask = 2147483647;
			files = (
				7CFAA0C9241D8EBA00842BB1 /* LaunchScreen.storyboard in Resources */,
				7CFAA0D9241D8F2600842BB1 /* TableViewCell.xib in Resources */,
				7CFAA0C6241D8EBA00842BB1 /* Assets.xcassets in Resources */,
				7CFAA0DC241D8F2600842BB1 /* Main.storyboard in Resources */,
			);
			runOnlyForDeploymentPostprocessing = 0;
		};
/* End PBXResourcesBuildPhase section */

/* Begin PBXSourcesBuildPhase section */
		7CFAA0B5241D8EB900842BB1 /* Sources */ = {
			isa = PBXSourcesBuildPhase;
			buildActionMask = 2147483647;
			files = (
				7CFAA0C1241D8EB900842BB1 /* ViewController.swift in Sources */,
				7CFAA0BD241D8EB900842BB1 /* AppDelegate.swift in Sources */,
				7CFAA0DF241D8F2600842BB1 /* Item.swift in Sources */,
				7CFAA0DE241D8F2600842BB1 /* TableViewCell.swift in Sources */,
			);
			runOnlyForDeploymentPostprocessing = 0;
		};
/* End PBXSourcesBuildPhase section */

/* Begin PBXVariantGroup section */
		7CFAA0C7241D8EBA00842BB1 /* LaunchScreen.storyboard */ = {
			isa = PBXVariantGroup;
			children = (
				7CFAA0C8241D8EBA00842BB1 /* Base */,
			);
			name = LaunchScreen.storyboard;
			sourceTree = "<group>";
		};
/* End PBXVariantGroup section */

/* Begin XCBuildConfiguration section */
		7CFAA0CB241D8EBA00842BB1 /* Debug */ = {
			isa = XCBuildConfiguration;
			buildSettings = {
				ALWAYS_SEARCH_USER_PATHS = NO;
				CLANG_ANALYZER_NONNULL = YES;
				CLANG_ANALYZER_NUMBER_OBJECT_CONVERSION = YES_AGGRESSIVE;
				CLANG_CXX_LANGUAGE_STANDARD = "gnu++14";
				CLANG_CXX_LIBRARY = "libc++";
				CLANG_ENABLE_MODULES = YES;
				CLANG_ENABLE_OBJC_ARC = YES;
				CLANG_ENABLE_OBJC_WEAK = YES;
				CLANG_WARN_BLOCK_CAPTURE_AUTORELEASING = YES;
				CLANG_WARN_BOOL_CONVERSION = YES;
				CLANG_WARN_COMMA = YES;
				CLANG_WARN_CONSTANT_CONVERSION = YES;
				CLANG_WARN_DEPRECATED_OBJC_IMPLEMENTATIONS = YES;
				CLANG_WARN_DIRECT_OBJC_ISA_USAGE = YES_ERROR;
				CLANG_WARN_DOCUMENTATION_COMMENTS = YES;
				CLANG_WARN_EMPTY_BODY = YES;
				CLANG_WARN_ENUM_CONVERSION = YES;
				CLANG_WARN_INFINITE_RECURSION = YES;
				CLANG_WARN_INT_CONVERSION = YES;
				CLANG_WARN_NON_LITERAL_NULL_CONVERSION = YES;
				CLANG_WARN_OBJC_IMPLICIT_RETAIN_SELF = YES;
				CLANG_WARN_OBJC_LITERAL_CONVERSION = YES;
				CLANG_WARN_OBJC_ROOT_CLASS = YES_ERROR;
				CLANG_WARN_RANGE_LOOP_ANALYSIS = YES;
				CLANG_WARN_STRICT_PROTOTYPES = YES;
				CLANG_WARN_SUSPICIOUS_MOVE = YES;
				CLANG_WARN_UNGUARDED_AVAILABILITY = YES_AGGRESSIVE;
				CLANG_WARN_UNREACHABLE_CODE = YES;
				CLANG_WARN__DUPLICATE_METHOD_MATCH = YES;
				COPY_PHASE_STRIP = NO;
				DEBUG_INFORMATION_FORMAT = dwarf;
				ENABLE_STRICT_OBJC_MSGSEND = YES;
				ENABLE_TESTABILITY = YES;
				GCC_C_LANGUAGE_STANDARD = gnu11;
				GCC_DYNAMIC_NO_PIC = NO;
				GCC_NO_COMMON_BLOCKS = YES;
				GCC_OPTIMIZATION_LEVEL = 0;
				GCC_PREPROCESSOR_DEFINITIONS = (
					"DEBUG=1",
					"$(inherited)",
				);
				GCC_WARN_64_TO_32_BIT_CONVERSION = YES;
				GCC_WARN_ABOUT_RETURN_TYPE = YES_ERROR;
				GCC_WARN_UNDECLARED_SELECTOR = YES;
				GCC_WARN_UNINITIALIZED_AUTOS = YES_AGGRESSIVE;
				GCC_WARN_UNUSED_FUNCTION = YES;
				GCC_WARN_UNUSED_VARIABLE = YES;
				IPHONEOS_DEPLOYMENT_TARGET = 12.1;
				MTL_ENABLE_DEBUG_INFO = INCLUDE_SOURCE;
				MTL_FAST_MATH = YES;
				ONLY_ACTIVE_ARCH = YES;
				SDKROOT = iphoneos;
				SWIFT_ACTIVE_COMPILATION_CONDITIONS = DEBUG;
				SWIFT_OPTIMIZATION_LEVEL = "-Onone";
			};
			name = Debug;
		};
		7CFAA0CC241D8EBA00842BB1 /* Release */ = {
			isa = XCBuildConfiguration;
			buildSettings = {
				ALWAYS_SEARCH_USER_PATHS = NO;
				CLANG_ANALYZER_NONNULL = YES;
				CLANG_ANALYZER_NUMBER_OBJECT_CONVERSION = YES_AGGRESSIVE;
				CLANG_CXX_LANGUAGE_STANDARD = "gnu++14";
				CLANG_CXX_LIBRARY = "libc++";
				CLANG_ENABLE_MODULES = YES;
				CLANG_ENABLE_OBJC_ARC = YES;
				CLANG_ENABLE_OBJC_WEAK = YES;
				CLANG_WARN_BLOCK_CAPTURE_AUTORELEASING = YES;
				CLANG_WARN_BOOL_CONVERSION = YES;
				CLANG_WARN_COMMA = YES;
				CLANG_WARN_CONSTANT_CONVERSION = YES;
				CLANG_WARN_DEPRECATED_OBJC_IMPLEMENTATIONS = YES;
				CLANG_WARN_DIRECT_OBJC_ISA_USAGE = YES_ERROR;
				CLANG_WARN_DOCUMENTATION_COMMENTS = YES;
				CLANG_WARN_EMPTY_BODY = YES;
				CLANG_WARN_ENUM_CONVERSION = YES;
				CLANG_WARN_INFINITE_RECURSION = YES;
				CLANG_WARN_INT_CONVERSION = YES;
				CLANG_WARN_NON_LITERAL_NULL_CONVERSION = YES;
				CLANG_WARN_OBJC_IMPLICIT_RETAIN_SELF = YES;
				CLANG_WARN_OBJC_LITERAL_CONVERSION = YES;
				CLANG_WARN_OBJC_ROOT_CLASS = YES_ERROR;
				CLANG_WARN_RANGE_LOOP_ANALYSIS = YES;
				CLANG_WARN_STRICT_PROTOTYPES = YES;
				CLANG_WARN_SUSPICIOUS_MOVE = YES;
				CLANG_WARN_UNGUARDED_AVAILABILITY = YES_AGGRESSIVE;
				CLANG_WARN_UNREACHABLE_CODE = YES;
				CLANG_WARN__DUPLICATE_METHOD_MATCH = YES;
				COPY_PHASE_STRIP = NO;
				DEBUG_INFORMATION_FORMAT = "dwarf-with-dsym";
				ENABLE_NS_ASSERTIONS = NO;
				ENABLE_STRICT_OBJC_MSGSEND = YES;
				GCC_C_LANGUAGE_STANDARD = gnu11;
				GCC_NO_COMMON_BLOCKS = YES;
				GCC_WARN_64_TO_32_BIT_CONVERSION = YES;
				GCC_WARN_ABOUT_RETURN_TYPE = YES_ERROR;
				GCC_WARN_UNDECLARED_SELECTOR = YES;
				GCC_WARN_UNINITIALIZED_AUTOS = YES_AGGRESSIVE;
				GCC_WARN_UNUSED_FUNCTION = YES;
				GCC_WARN_UNUSED_VARIABLE = YES;
				IPHONEOS_DEPLOYMENT_TARGET = 12.1;
				MTL_ENABLE_DEBUG_INFO = NO;
				MTL_FAST_MATH = YES;
				SDKROOT = iphoneos;
				SWIFT_COMPILATION_MODE = wholemodule;
				SWIFT_OPTIMIZATION_LEVEL = "-O";
				VALIDATE_PRODUCT = YES;
			};
			name = Release;
		};
		7CFAA0CE241D8EBA00842BB1 /* Debug */ = {
			isa = XCBuildConfiguration;
			buildSettings = {
				ASSETCATALOG_COMPILER_APPICON_NAME = AppIcon;
				CODE_SIGN_STYLE = Automatic;
				DEVELOPMENT_TEAM = JC423V4S2Z;
				INFOPLIST_FILE = DisplayLinkDemo/Info.plist;
				LD_RUNPATH_SEARCH_PATHS = (
					"$(inherited)",
					"@executable_path/Frameworks",
				);
				PRODUCT_BUNDLE_IDENTIFIER = OTCode.DisplayLinkDemo;
				PRODUCT_NAME = "$(TARGET_NAME)";
				SWIFT_VERSION = 5.0;
				TARGETED_DEVICE_FAMILY = "1,2";
			};
			name = Debug;
		};
		7CFAA0CF241D8EBA00842BB1 /* Release */ = {
			isa = XCBuildConfiguration;
			buildSettings = {
				ASSETCATALOG_COMPILER_APPICON_NAME = AppIcon;
				CODE_SIGN_STYLE = Automatic;
				DEVELOPMENT_TEAM = JC423V4S2Z;
				INFOPLIST_FILE = DisplayLinkDemo/Info.plist;
				LD_RUNPATH_SEARCH_PATHS = (
					"$(inherited)",
					"@executable_path/Frameworks",
				);
				PRODUCT_BUNDLE_IDENTIFIER = OTCode.DisplayLinkDemo;
				PRODUCT_NAME = "$(TARGET_NAME)";
				SWIFT_VERSION = 5.0;
				TARGETED_DEVICE_FAMILY = "1,2";
			};
			name = Release;
		};
/* End XCBuildConfiguration section */

/* Begin XCConfigurationList section */
		7CFAA0B4241D8EB900842BB1 /* Build configuration list for PBXProject "DisplayLinkDemo" */ = {
			isa = XCConfigurationList;
			buildConfigurations = (
				7CFAA0CB241D8EBA00842BB1 /* Debug */,
				7CFAA0CC241D8EBA00842BB1 /* Release */,
			);
			defaultConfigurationIsVisible = 0;
			defaultConfigurationName = Release;
		};
		7CFAA0CD241D8EBA00842BB1 /* Build configuration list for PBXNativeTarget "DisplayLinkDemo" */ = {
			isa = XCConfigurationList;
			buildConfigurations = (
				7CFAA0CE241D8EBA00842BB1 /* Debug */,
				7CFAA0CF241D8EBA00842BB1 /* Release */,
			);
			defaultConfigurationIsVisible = 0;
			defaultConfigurationName = Release;
		};
/* End XCConfigurationList section */

/* Begin XCRemoteSwiftPackageReference section */
		7CFAA13E241E1F9F00842BB1 /* XCRemoteSwiftPackageReference "DisplayLink" */ = {
			isa = XCRemoteSwiftPackageReference;
			repositoryURL = "https://github.com/OlegTsib/DisplayLink.git";
			requirement = {
				kind = upToNextMajorVersion;
				minimumVersion = 1.0.4;
			};
		};
/* End XCRemoteSwiftPackageReference section */

/* Begin XCSwiftPackageProductDependency section */
		7CFAA13F241E1F9F00842BB1 /* DisplayLink */ = {
			isa = XCSwiftPackageProductDependency;
			package = 7CFAA13E241E1F9F00842BB1 /* XCRemoteSwiftPackageReference "DisplayLink" */;
			productName = DisplayLink;
		};
/* End XCSwiftPackageProductDependency section */
	};
	rootObject = 7CFAA0B1241D8EB900842BB1 /* Project object */;
}
