{
  "object": {
    "pins": [
      {
        "package": "DisplayLink",
        "repositoryURL": "https://github.com/OlegTsib/DisplayLink.git",
        "state": {
          "branch": null,
          "revision": "11f1c83c99e8672afa62ee299b3ab2e275b783a5",
          "version": "1.0.5"
        }
      }
    ]
  },
  "version": 1
}
